version = 1
requires-python = ">=3.12"

[[package]]
name = "hidapi"
version = "0.14.0.post2"
source = { registry = "https://pypi.org/simple" }
dependencies = [
    { name = "setuptools" },
]
sdist = { url = "https://files.pythonhosted.org/packages/bf/6f/90c536b020a8e860f047a2839830a1ade3e1490e67336ecf489b4856eb7b/hidapi-0.14.0.post2.tar.gz", hash = "sha256:6c0e97ba6b059a309d51b495a8f0d5efbcea8756b640d98b6f6bb9fdef2458ac", size = 172542 }
wheels = [
    { url = "https://files.pythonhosted.org/packages/b4/d6/10683f04a49cf6ccfa6186940732ed8d15e5c86ea1e399a4dadfec7c1ec2/hidapi-0.14.0.post2-cp312-cp312-macosx_10_9_x86_64.whl", hash = "sha256:5eaa04f8fb7b5d9d7e3eeb502317941559ecfc4a76d2527ee0d1d835794ac5aa", size = 70540 },
    { url = "https://files.pythonhosted.org/packages/06/a7/06ff3d65dbad868ff4bc21726823b1101b6a7b1281bc44e158b70a30638b/hidapi-0.14.0.post2-cp312-cp312-macosx_11_0_arm64.whl", hash = "sha256:c6e81890f51bae29ae81c3ff02fed754d05f69a408fa038ff1056aec90c56333", size = 67972 },
    { url = "https://files.pythonhosted.org/packages/0b/03/5c85e738936bf8b57f557970701fe65a0290a2d3693ee2c966bfc4cb09eb/hidapi-0.14.0.post2-cp312-cp312-manylinux_2_17_aarch64.manylinux2014_aarch64.whl", hash = "sha256:511ccf1fa7f159b95d31d9fb718ebfc35322252d7355a3afaa724b65cdbbeff6", size = 717741 },
    { url = "https://files.pythonhosted.org/packages/82/42/ff6bf1a9ffb09d7d150bd144ea74774d8c303944cb51075190f224eb8964/hidapi-0.14.0.post2-cp312-cp312-manylinux_2_17_i686.manylinux2014_i686.whl", hash = "sha256:eecc24722c561348c04f3f0819534028a7dd2e35a16f195625e2465f95fb8c6f", size = 738126 },
    { url = "https://files.pythonhosted.org/packages/4f/a7/1ed1c4c0c153eac0a2cce1a0b6753eec35810dbd9e483cc49a8a7d84a3d9/hidapi-0.14.0.post2-cp312-cp312-manylinux_2_17_x86_64.manylinux2014_x86_64.whl", hash = "sha256:b5b979408ba1c65ea7e39e35e6cb9d29705265ebfca568627333876f7a030818", size = 711615 },
    { url = "https://files.pythonhosted.org/packages/1d/10/be6935a1e26f5d3a41c63b8b365741281034900ca56611366433f3413c2c/hidapi-0.14.0.post2-cp312-cp312-musllinux_1_2_aarch64.whl", hash = "sha256:556f99a3887065f0e86fb4b3968800c34fa25e6ea54047ef850ee639c69032da", size = 346491 },
    { url = "https://files.pythonhosted.org/packages/a6/f7/f6dfb43c37949a1300504569b18857d975f6d92c0a0de52247865356ae55/hidapi-0.14.0.post2-cp312-cp312-musllinux_1_2_i686.whl", hash = "sha256:59465c87f028e70162f04d3e69014cd03bb2a4ceed7db6d0a160ec9627fb9324", size = 335719 },
    { url = "https://files.pythonhosted.org/packages/ce/1c/c1949180a8e9231148d6c7407653c1e2928cec0534e8039591a1188d1a7c/hidapi-0.14.0.post2-cp312-cp312-musllinux_1_2_x86_64.whl", hash = "sha256:de561a9336aa92263a4a5757deffdacb0e04de84590e15a7d5413f574790a210", size = 349324 },
    { url = "https://files.pythonhosted.org/packages/f4/fe/e51acd3bae6917c667118aa5481cbf96c42ab6459ec0a58ed14e1a7b8469/hidapi-0.14.0.post2-cp312-cp312-win32.whl", hash = "sha256:6f35ad2007e04d6dd80807d72a66781915da538818587f950cea3c3c36512aa7", size = 57093 },
    { url = "https://files.pythonhosted.org/packages/c9/e7/738e5915af08f9937acaf1b30a491dc5a7ca67717ce1ef2efddf702f3ad8/hidapi-0.14.0.post2-cp312-cp312-win_amd64.whl", hash = "sha256:493aad5fe1630f547857ef93a150eb99c07e836b82a340bd0cfdf87f495c983d", size = 64263 },
]

[[package]]
name = "mutemepy"
version = "0.1.0"
source = { virtual = "." }
dependencies = [
    { name = "hidapi" },
]

[package.metadata]
requires-dist = [{ name = "hidapi", specifier = ">=0.14.0.post2" }]

[[package]]
name = "setuptools"
version = "75.3.0"
source = { registry = "https://pypi.org/simple" }
sdist = { url = "https://files.pythonhosted.org/packages/ed/22/a438e0caa4576f8c383fa4d35f1cc01655a46c75be358960d815bfbb12bd/setuptools-75.3.0.tar.gz", hash = "sha256:fba5dd4d766e97be1b1681d98712680ae8f2f26d7881245f2ce9e40714f1a686", size = 1351577 }
wheels = [
    { url = "https://files.pythonhosted.org/packages/90/12/282ee9bce8b58130cb762fbc9beabd531549952cac11fc56add11dcb7ea0/setuptools-75.3.0-py3-none-any.whl", hash = "sha256:f2504966861356aa38616760c0f66568e535562374995367b4e69c7143cf6bcd", size = 1251070 },
]
